{
  "name": "svgpathcli",
  "version": "1.0.0",
  "lockfileVersion": 1,
  "requires": true,
  "dependencies": {
    "lodash": {
      "version": "4.17.15",
      "resolved": "https://registry.npmjs.org/lodash/-/lodash-4.17.15.tgz",
      "integrity": "sha512-8xOcRHvCjnocdS5cpwXQXVzmmh5e5+saE2QGoeQmbKmRS6J3VQppPOIt0MnmE+4xlZoumy0GPG0D0MVIQbNA1A=="
    },
    "svgpath": {
      "version": "2.2.2",
      "resolved": "https://registry.npmjs.org/svgpath/-/svgpath-2.2.2.tgz",
      "integrity": "sha512-7cXFbkZvPkZpKLC+3QIfyUd3/Un/CvJONjTD3Gz5qLuEa73StPOt8kZjTi9apxO6zwCaza0bPNnmzTyrQ4qQlw=="
    },
    "xmldom": {
      "version": "0.1.27",
      "resolved": "https://registry.npmjs.org/xmldom/-/xmldom-0.1.27.tgz",
      "integrity": "sha1-1QH5ezvbQDr4757MIFcxh6rawOk="
    }
  }
}
